version = 1
requires-python = ">=3.12"
resolution-markers = [
    "python_full_version < '3.13'",
    "python_full_version >= '3.13'",
]

[[package]]
name = "argcomplete"
version = "3.5.1"
source = { registry = "https://pypi.org/simple" }
sdist = { url = "https://files.pythonhosted.org/packages/5f/39/27605e133e7f4bb0c8e48c9a6b87101515e3446003e0442761f6a02ac35e/argcomplete-3.5.1.tar.gz", hash = "sha256:eb1ee355aa2557bd3d0145de7b06b2a45b0ce461e1e7813f5d066039ab4177b4", size = 82280 }
wheels = [
    { url = "https://files.pythonhosted.org/packages/f7/be/a606a6701d491cfae75583c80a6583f8abe9c36c0b9666e867e7cdd62fe8/argcomplete-3.5.1-py3-none-any.whl", hash = "sha256:1a1d148bdaa3e3b93454900163403df41448a248af01b6e849edc5ac08e6c363", size = 43498 },
]

[[package]]
name = "cachetools"
version = "5.5.0"
source = { registry = "https://pypi.org/simple" }
sdist = { url = "https://files.pythonhosted.org/packages/c3/38/a0f315319737ecf45b4319a8cd1f3a908e29d9277b46942263292115eee7/cachetools-5.5.0.tar.gz", hash = "sha256:2cc24fb4cbe39633fb7badd9db9ca6295d766d9c2995f245725a46715d050f2a", size = 27661 }
wheels = [
    { url = "https://files.pythonhosted.org/packages/a4/07/14f8ad37f2d12a5ce41206c21820d8cb6561b728e51fad4530dff0552a67/cachetools-5.5.0-py3-none-any.whl", hash = "sha256:02134e8439cdc2ffb62023ce1debca2944c3f289d66bb17ead3ab3dede74b292", size = 9524 },
]

[[package]]
name = "certifi"
version = "2024.8.30"
source = { registry = "https://pypi.org/simple" }
sdist = { url = "https://files.pythonhosted.org/packages/b0/ee/9b19140fe824b367c04c5e1b369942dd754c4c5462d5674002f75c4dedc1/certifi-2024.8.30.tar.gz", hash = "sha256:bec941d2aa8195e248a60b31ff9f0558284cf01a52591ceda73ea9afffd69fd9", size = 168507 }
wheels = [
    { url = "https://files.pythonhosted.org/packages/12/90/3c9ff0512038035f59d279fddeb79f5f1eccd8859f06d6163c58798b9487/certifi-2024.8.30-py3-none-any.whl", hash = "sha256:922820b53db7a7257ffbda3f597266d435245903d80737e34f8a45ff3e3230d8", size = 167321 },
]

[[package]]
name = "charset-normalizer"
version = "3.4.0"
source = { registry = "https://pypi.org/simple" }
sdist = { url = "https://files.pythonhosted.org/packages/f2/4f/e1808dc01273379acc506d18f1504eb2d299bd4131743b9fc54d7be4df1e/charset_normalizer-3.4.0.tar.gz", hash = "sha256:223217c3d4f82c3ac5e29032b3f1c2eb0fb591b72161f86d93f5719079dae93e", size = 106620 }
wheels = [
    { url = "https://files.pythonhosted.org/packages/d3/0b/4b7a70987abf9b8196845806198975b6aab4ce016632f817ad758a5aa056/charset_normalizer-3.4.0-cp312-cp312-macosx_10_13_universal2.whl", hash = "sha256:0713f3adb9d03d49d365b70b84775d0a0d18e4ab08d12bc46baa6132ba78aaf6", size = 194445 },
    { url = "https://files.pythonhosted.org/packages/50/89/354cc56cf4dd2449715bc9a0f54f3aef3dc700d2d62d1fa5bbea53b13426/charset_normalizer-3.4.0-cp312-cp312-macosx_10_13_x86_64.whl", hash = "sha256:de7376c29d95d6719048c194a9cf1a1b0393fbe8488a22008610b0361d834ecf", size = 125275 },
    { url = "https://files.pythonhosted.org/packages/fa/44/b730e2a2580110ced837ac083d8ad222343c96bb6b66e9e4e706e4d0b6df/charset_normalizer-3.4.0-cp312-cp312-macosx_11_0_arm64.whl", hash = "sha256:4a51b48f42d9358460b78725283f04bddaf44a9358197b889657deba38f329db", size = 119020 },
    { url = "https://files.pythonhosted.org/packages/9d/e4/9263b8240ed9472a2ae7ddc3e516e71ef46617fe40eaa51221ccd4ad9a27/charset_normalizer-3.4.0-cp312-cp312-manylinux_2_17_aarch64.manylinux2014_aarch64.whl", hash = "sha256:b295729485b06c1a0683af02a9e42d2caa9db04a373dc38a6a58cdd1e8abddf1", size = 139128 },
    { url = "https://files.pythonhosted.org/packages/6b/e3/9f73e779315a54334240353eaea75854a9a690f3f580e4bd85d977cb2204/charset_normalizer-3.4.0-cp312-cp312-manylinux_2_17_ppc64le.manylinux2014_ppc64le.whl", hash = "sha256:ee803480535c44e7f5ad00788526da7d85525cfefaf8acf8ab9a310000be4b03", size = 149277 },
    { url = "https://files.pythonhosted.org/packages/1a/cf/f1f50c2f295312edb8a548d3fa56a5c923b146cd3f24114d5adb7e7be558/charset_normalizer-3.4.0-cp312-cp312-manylinux_2_17_s390x.manylinux2014_s390x.whl", hash = "sha256:3d59d125ffbd6d552765510e3f31ed75ebac2c7470c7274195b9161a32350284", size = 142174 },
    { url = "https://files.pythonhosted.org/packages/16/92/92a76dc2ff3a12e69ba94e7e05168d37d0345fa08c87e1fe24d0c2a42223/charset_normalizer-3.4.0-cp312-cp312-manylinux_2_17_x86_64.manylinux2014_x86_64.whl", hash = "sha256:8cda06946eac330cbe6598f77bb54e690b4ca93f593dee1568ad22b04f347c15", size = 143838 },
    { url = "https://files.pythonhosted.org/packages/a4/01/2117ff2b1dfc61695daf2babe4a874bca328489afa85952440b59819e9d7/charset_normalizer-3.4.0-cp312-cp312-manylinux_2_5_i686.manylinux1_i686.manylinux_2_17_i686.manylinux2014_i686.whl", hash = "sha256:07afec21bbbbf8a5cc3651aa96b980afe2526e7f048fdfb7f1014d84acc8b6d8", size = 146149 },
    { url = "https://files.pythonhosted.org/packages/f6/9b/93a332b8d25b347f6839ca0a61b7f0287b0930216994e8bf67a75d050255/charset_normalizer-3.4.0-cp312-cp312-musllinux_1_2_aarch64.whl", hash = "sha256:6b40e8d38afe634559e398cc32b1472f376a4099c75fe6299ae607e404c033b2", size = 140043 },
    { url = "https://files.pythonhosted.org/packages/ab/f6/7ac4a01adcdecbc7a7587767c776d53d369b8b971382b91211489535acf0/charset_normalizer-3.4.0-cp312-cp312-musllinux_1_2_i686.whl", hash = "sha256:b8dcd239c743aa2f9c22ce674a145e0a25cb1566c495928440a181ca1ccf6719", size = 148229 },
    { url = "https://files.pythonhosted.org/packages/9d/be/5708ad18161dee7dc6a0f7e6cf3a88ea6279c3e8484844c0590e50e803ef/charset_normalizer-3.4.0-cp312-cp312-musllinux_1_2_ppc64le.whl", hash = "sha256:84450ba661fb96e9fd67629b93d2941c871ca86fc38d835d19d4225ff946a631", size = 151556 },
    { url = "https://files.pythonhosted.org/packages/5a/bb/3d8bc22bacb9eb89785e83e6723f9888265f3a0de3b9ce724d66bd49884e/charset_normalizer-3.4.0-cp312-cp312-musllinux_1_2_s390x.whl", hash = "sha256:44aeb140295a2f0659e113b31cfe92c9061622cadbc9e2a2f7b8ef6b1e29ef4b", size = 149772 },
    { url = "https://files.pythonhosted.org/packages/f7/fa/d3fc622de05a86f30beea5fc4e9ac46aead4731e73fd9055496732bcc0a4/charset_normalizer-3.4.0-cp312-cp312-musllinux_1_2_x86_64.whl", hash = "sha256:1db4e7fefefd0f548d73e2e2e041f9df5c59e178b4c72fbac4cc6f535cfb1565", size = 144800 },
    { url = "https://files.pythonhosted.org/packages/9a/65/bdb9bc496d7d190d725e96816e20e2ae3a6fa42a5cac99c3c3d6ff884118/charset_normalizer-3.4.0-cp312-cp312-win32.whl", hash = "sha256:5726cf76c982532c1863fb64d8c6dd0e4c90b6ece9feb06c9f202417a31f7dd7", size = 94836 },
    { url = "https://files.pythonhosted.org/packages/3e/67/7b72b69d25b89c0b3cea583ee372c43aa24df15f0e0f8d3982c57804984b/charset_normalizer-3.4.0-cp312-cp312-win_amd64.whl", hash = "sha256:b197e7094f232959f8f20541ead1d9862ac5ebea1d58e9849c1bf979255dfac9", size = 102187 },
    { url = "https://files.pythonhosted.org/packages/f3/89/68a4c86f1a0002810a27f12e9a7b22feb198c59b2f05231349fbce5c06f4/charset_normalizer-3.4.0-cp313-cp313-macosx_10_13_universal2.whl", hash = "sha256:dd4eda173a9fcccb5f2e2bd2a9f423d180194b1bf17cf59e3269899235b2a114", size = 194617 },
    { url = "https://files.pythonhosted.org/packages/4f/cd/8947fe425e2ab0aa57aceb7807af13a0e4162cd21eee42ef5b053447edf5/charset_normalizer-3.4.0-cp313-cp313-macosx_10_13_x86_64.whl", hash = "sha256:e9e3c4c9e1ed40ea53acf11e2a386383c3304212c965773704e4603d589343ed", size = 125310 },
    { url = "https://files.pythonhosted.org/packages/5b/f0/b5263e8668a4ee9becc2b451ed909e9c27058337fda5b8c49588183c267a/charset_normalizer-3.4.0-cp313-cp313-macosx_11_0_arm64.whl", hash = "sha256:92a7e36b000bf022ef3dbb9c46bfe2d52c047d5e3f3343f43204263c5addc250", size = 119126 },
    { url = "https://files.pythonhosted.org/packages/ff/6e/e445afe4f7fda27a533f3234b627b3e515a1b9429bc981c9a5e2aa5d97b6/charset_normalizer-3.4.0-cp313-cp313-manylinux_2_17_aarch64.manylinux2014_aarch64.whl", hash = "sha256:54b6a92d009cbe2fb11054ba694bc9e284dad30a26757b1e372a1fdddaf21920", size = 139342 },
    { url = "https://files.pythonhosted.org/packages/a1/b2/4af9993b532d93270538ad4926c8e37dc29f2111c36f9c629840c57cd9b3/charset_normalizer-3.4.0-cp313-cp313-manylinux_2_17_ppc64le.manylinux2014_ppc64le.whl", hash = "sha256:1ffd9493de4c922f2a38c2bf62b831dcec90ac673ed1ca182fe11b4d8e9f2a64", size = 149383 },
    { url = "https://files.pythonhosted.org/packages/fb/6f/4e78c3b97686b871db9be6f31d64e9264e889f8c9d7ab33c771f847f79b7/charset_normalizer-3.4.0-cp313-cp313-manylinux_2_17_s390x.manylinux2014_s390x.whl", hash = "sha256:35c404d74c2926d0287fbd63ed5d27eb911eb9e4a3bb2c6d294f3cfd4a9e0c23", size = 142214 },
    { url = "https://files.pythonhosted.org/packages/2b/c9/1c8fe3ce05d30c87eff498592c89015b19fade13df42850aafae09e94f35/charset_normalizer-3.4.0-cp313-cp313-manylinux_2_17_x86_64.manylinux2014_x86_64.whl", hash = "sha256:4796efc4faf6b53a18e3d46343535caed491776a22af773f366534056c4e1fbc", size = 144104 },
    { url = "https://files.pythonhosted.org/packages/ee/68/efad5dcb306bf37db7db338338e7bb8ebd8cf38ee5bbd5ceaaaa46f257e6/charset_normalizer-3.4.0-cp313-cp313-manylinux_2_5_i686.manylinux1_i686.manylinux_2_17_i686.manylinux2014_i686.whl", hash = "sha256:e7fdd52961feb4c96507aa649550ec2a0d527c086d284749b2f582f2d40a2e0d", size = 146255 },
    { url = "https://files.pythonhosted.org/packages/0c/75/1ed813c3ffd200b1f3e71121c95da3f79e6d2a96120163443b3ad1057505/charset_normalizer-3.4.0-cp313-cp313-musllinux_1_2_aarch64.whl", hash = "sha256:92db3c28b5b2a273346bebb24857fda45601aef6ae1c011c0a997106581e8a88", size = 140251 },
    { url = "https://files.pythonhosted.org/packages/7d/0d/6f32255c1979653b448d3c709583557a4d24ff97ac4f3a5be156b2e6a210/charset_normalizer-3.4.0-cp313-cp313-musllinux_1_2_i686.whl", hash = "sha256:ab973df98fc99ab39080bfb0eb3a925181454d7c3ac8a1e695fddfae696d9e90", size = 148474 },
    { url = "https://files.pythonhosted.org/packages/ac/a0/c1b5298de4670d997101fef95b97ac440e8c8d8b4efa5a4d1ef44af82f0d/charset_normalizer-3.4.0-cp313-cp313-musllinux_1_2_ppc64le.whl", hash = "sha256:4b67fdab07fdd3c10bb21edab3cbfe8cf5696f453afce75d815d9d7223fbe88b", size = 151849 },
    { url = "https://files.pythonhosted.org/packages/04/4f/b3961ba0c664989ba63e30595a3ed0875d6790ff26671e2aae2fdc28a399/charset_normalizer-3.4.0-cp313-cp313-musllinux_1_2_s390x.whl", hash = "sha256:aa41e526a5d4a9dfcfbab0716c7e8a1b215abd3f3df5a45cf18a12721d31cb5d", size = 149781 },
    { url = "https://files.pythonhosted.org/packages/d8/90/6af4cd042066a4adad58ae25648a12c09c879efa4849c705719ba1b23d8c/charset_normalizer-3.4.0-cp313-cp313-musllinux_1_2_x86_64.whl", hash = "sha256:ffc519621dce0c767e96b9c53f09c5d215578e10b02c285809f76509a3931482", size = 144970 },
    { url = "https://files.pythonhosted.org/packages/cc/67/e5e7e0cbfefc4ca79025238b43cdf8a2037854195b37d6417f3d0895c4c2/charset_normalizer-3.4.0-cp313-cp313-win32.whl", hash = "sha256:f19c1585933c82098c2a520f8ec1227f20e339e33aca8fa6f956f6691b784e67", size = 94973 },
    { url = "https://files.pythonhosted.org/packages/65/97/fc9bbc54ee13d33dc54a7fcf17b26368b18505500fc01e228c27b5222d80/charset_normalizer-3.4.0-cp313-cp313-win_amd64.whl", hash = "sha256:707b82d19e65c9bd28b81dde95249b07bf9f5b90ebe1ef17d9b57473f8a64b7b", size = 102308 },
    { url = "https://files.pythonhosted.org/packages/bf/9b/08c0432272d77b04803958a4598a51e2a4b51c06640af8b8f0f908c18bf2/charset_normalizer-3.4.0-py3-none-any.whl", hash = "sha256:fe9f97feb71aa9896b81973a7bbada8c49501dc73e58a10fcef6663af95e5079", size = 49446 },
]

[[package]]
name = "colorama"
version = "0.4.6"
source = { registry = "https://pypi.org/simple" }
sdist = { url = "https://files.pythonhosted.org/packages/d8/53/6f443c9a4a8358a93a6792e2acffb9d9d5cb0a5cfd8802644b7b1c9a02e4/colorama-0.4.6.tar.gz", hash = "sha256:08695f5cb7ed6e0531a20572697297273c47b8cae5a63ffc6d6ed5c201be6e44", size = 27697 }
wheels = [
    { url = "https://files.pythonhosted.org/packages/d1/d6/3965ed04c63042e047cb6a3e6ed1a63a35087b6a609aa3a15ed8ac56c221/colorama-0.4.6-py2.py3-none-any.whl", hash = "sha256:4f1d9991f5acc0ca119f9d443620b77f9d6b33703e51011c16baf57afb285fc6", size = 25335 },
]

[[package]]
name = "gcp-iam-roles"
version = "2024.11.20"
source = { editable = "." }
dependencies = [
    { name = "argcomplete" },
    { name = "google-cloud-iam" },
    { name = "google-cloud-service-usage" },
    { name = "loguru" },
    { name = "prettytable" },
]

[package.dependency-groups]
dev = [
    { name = "ruff" },
]

[package.metadata]
requires-dist = [
    { name = "argcomplete", specifier = ">=3.5.1" },
    { name = "google-cloud-iam", specifier = ">=2.16.0" },
    { name = "google-cloud-service-usage", specifier = ">=1.11.1" },
    { name = "loguru", specifier = ">=0.7.2" },
    { name = "prettytable", specifier = ">=3.12.0" },
]

[package.metadata.dependency-groups]
dev = [{ name = "ruff", specifier = ">=0.7.3" }]

[[package]]
name = "google-api-core"
version = "2.23.0"
source = { registry = "https://pypi.org/simple" }
dependencies = [
    { name = "google-auth" },
    { name = "googleapis-common-protos" },
    { name = "proto-plus" },
    { name = "protobuf" },
    { name = "requests" },
]
sdist = { url = "https://files.pythonhosted.org/packages/fa/6b/b98553c2061c4e2186f5bbfb1aa1a6ef13fc0775c096d18595d3c99ba023/google_api_core-2.23.0.tar.gz", hash = "sha256:2ceb087315e6af43f256704b871d99326b1f12a9d6ce99beaedec99ba26a0ace", size = 160094 }
wheels = [
    { url = "https://files.pythonhosted.org/packages/17/a4/c26886d57d90032c5f74c2e80aefdc38ec58551fc46bd4ce79fb2c9389fa/google_api_core-2.23.0-py3-none-any.whl", hash = "sha256:c20100d4c4c41070cf365f1d8ddf5365915291b5eb11b83829fbd1c999b5122f", size = 156554 },
]

[package.optional-dependencies]
grpc = [
    { name = "grpcio" },
    { name = "grpcio-status" },
]

[[package]]
name = "google-auth"
version = "2.36.0"
source = { registry = "https://pypi.org/simple" }
dependencies = [
    { name = "cachetools" },
    { name = "pyasn1-modules" },
    { name = "rsa" },
]
sdist = { url = "https://files.pythonhosted.org/packages/6a/71/4c5387d8a3e46e3526a8190ae396659484377a73b33030614dd3b28e7ded/google_auth-2.36.0.tar.gz", hash = "sha256:545e9618f2df0bcbb7dcbc45a546485b1212624716975a1ea5ae8149ce769ab1", size = 268336 }
wheels = [
    { url = "https://files.pythonhosted.org/packages/2d/9a/3d5087d27865c2f0431b942b5c4500b7d1b744dd3262fdc973a4c39d099e/google_auth-2.36.0-py2.py3-none-any.whl", hash = "sha256:51a15d47028b66fd36e5c64a82d2d57480075bccc7da37cde257fc94177a61fb", size = 209519 },
]

[[package]]
name = "google-cloud-iam"
version = "2.16.0"
source = { registry = "https://pypi.org/simple" }
dependencies = [
    { name = "google-api-core", extra = ["grpc"] },
    { name = "google-auth" },
    { name = "grpc-google-iam-v1" },
    { name = "proto-plus" },
    { name = "protobuf" },
]
sdist = { url = "https://files.pythonhosted.org/packages/87/ab/6213c921d118dafdeb78d10b09c8a1a659164bce0a625b6720d14860db75/google_cloud_iam-2.16.0.tar.gz", hash = "sha256:c73fcdf59ff058241957e947e11d2c16c8f2863ba79a4b40f068ba62a1bf7cea", size = 230049 }
wheels = [
    { url = "https://files.pythonhosted.org/packages/4f/ba/9a5ac528fe0b5d934432b899c1411b36fb7208e4462d2ec31557e30f722a/google_cloud_iam-2.16.0-py2.py3-none-any.whl", hash = "sha256:e70cea6a1216f887267f66053331a6dba5e98baf8dc41265a2e928e1b05e0a79", size = 214736 },
]

[[package]]
name = "google-cloud-service-usage"
version = "1.11.1"
source = { registry = "https://pypi.org/simple" }
dependencies = [
    { name = "google-api-core", extra = ["grpc"] },
    { name = "google-auth" },
    { name = "proto-plus" },
    { name = "protobuf" },
]
sdist = { url = "https://files.pythonhosted.org/packages/0f/6c/3d3ca57d998baa1b4b51c5a8dd23f700b87079087b5689840d81ea17e669/google_cloud_service_usage-1.11.1.tar.gz", hash = "sha256:84326984105d4de42314dee4ec1d40571e71d5f4ff0009b2557a79e33981e721", size = 58135 }
wheels = [
    { url = "https://files.pythonhosted.org/packages/3c/42/abde2ed965e378e7167685cbbae1b74672340947e12873f3009f137e4ca5/google_cloud_service_usage-1.11.1-py2.py3-none-any.whl", hash = "sha256:379ba5538c0a948c5b45cc9cb8fc83c96eb7ef0a597627f8b3ff8808881541d3", size = 57653 },
]

[[package]]
name = "googleapis-common-protos"
version = "1.66.0"
source = { registry = "https://pypi.org/simple" }
dependencies = [
    { name = "protobuf" },
]
sdist = { url = "https://files.pythonhosted.org/packages/ff/a7/8e9cccdb1c49870de6faea2a2764fa23f627dd290633103540209f03524c/googleapis_common_protos-1.66.0.tar.gz", hash = "sha256:c3e7b33d15fdca5374cc0a7346dd92ffa847425cc4ea941d970f13680052ec8c", size = 114376 }
wheels = [
    { url = "https://files.pythonhosted.org/packages/a0/0f/c0713fb2b3d28af4b2fded3291df1c4d4f79a00d15c2374a9e010870016c/googleapis_common_protos-1.66.0-py2.py3-none-any.whl", hash = "sha256:d7abcd75fabb2e0ec9f74466401f6c119a0b498e27370e9be4c94cb7e382b8ed", size = 221682 },
]

[package.optional-dependencies]
grpc = [
    { name = "grpcio" },
]

[[package]]
name = "grpc-google-iam-v1"
version = "0.13.1"
source = { registry = "https://pypi.org/simple" }
dependencies = [
    { name = "googleapis-common-protos", extra = ["grpc"] },
    { name = "grpcio" },
    { name = "protobuf" },
]
sdist = { url = "https://files.pythonhosted.org/packages/63/41/f01bf46bac4034b4750575fe87c80c5a43a8912847307955e22f2125b60c/grpc-google-iam-v1-0.13.1.tar.gz", hash = "sha256:3ff4b2fd9d990965e410965253c0da6f66205d5a8291c4c31c6ebecca18a9001", size = 17664 }
wheels = [
    { url = "https://files.pythonhosted.org/packages/a8/7d/da3875b7728bc700eeb28b513754ce237c04ac7cbf8559d76b0464ee01cb/grpc_google_iam_v1-0.13.1-py2.py3-none-any.whl", hash = "sha256:c3e86151a981811f30d5e7330f271cee53e73bb87755e88cc3b6f0c7b5fe374e", size = 24866 },
]

[[package]]
name = "grpcio"
version = "1.67.1"
source = { registry = "https://pypi.org/simple" }
sdist = { url = "https://files.pythonhosted.org/packages/20/53/d9282a66a5db45981499190b77790570617a604a38f3d103d0400974aeb5/grpcio-1.67.1.tar.gz", hash = "sha256:3dc2ed4cabea4dc14d5e708c2b426205956077cc5de419b4d4079315017e9732", size = 12580022 }
wheels = [
    { url = "https://files.pythonhosted.org/packages/6e/25/6f95bd18d5f506364379eabc0d5874873cc7dbdaf0757df8d1e82bc07a88/grpcio-1.67.1-cp312-cp312-linux_armv7l.whl", hash = "sha256:267d1745894200e4c604958da5f856da6293f063327cb049a51fe67348e4f953", size = 5089809 },
    { url = "https://files.pythonhosted.org/packages/10/3f/d79e32e5d0354be33a12db2267c66d3cfeff700dd5ccdd09fd44a3ff4fb6/grpcio-1.67.1-cp312-cp312-macosx_10_9_universal2.whl", hash = "sha256:85f69fdc1d28ce7cff8de3f9c67db2b0ca9ba4449644488c1e0303c146135ddb", size = 10981985 },
    { url = "https://files.pythonhosted.org/packages/21/f2/36fbc14b3542e3a1c20fb98bd60c4732c55a44e374a4eb68f91f28f14aab/grpcio-1.67.1-cp312-cp312-manylinux_2_17_aarch64.whl", hash = "sha256:f26b0b547eb8d00e195274cdfc63ce64c8fc2d3e2d00b12bf468ece41a0423a0", size = 5588770 },
    { url = "https://files.pythonhosted.org/packages/0d/af/bbc1305df60c4e65de8c12820a942b5e37f9cf684ef5e49a63fbb1476a73/grpcio-1.67.1-cp312-cp312-manylinux_2_17_i686.manylinux2014_i686.whl", hash = "sha256:4422581cdc628f77302270ff839a44f4c24fdc57887dc2a45b7e53d8fc2376af", size = 6214476 },
    { url = "https://files.pythonhosted.org/packages/92/cf/1d4c3e93efa93223e06a5c83ac27e32935f998bc368e276ef858b8883154/grpcio-1.67.1-cp312-cp312-manylinux_2_17_x86_64.manylinux2014_x86_64.whl", hash = "sha256:1d7616d2ded471231c701489190379e0c311ee0a6c756f3c03e6a62b95a7146e", size = 5850129 },
    { url = "https://files.pythonhosted.org/packages/ae/ca/26195b66cb253ac4d5ef59846e354d335c9581dba891624011da0e95d67b/grpcio-1.67.1-cp312-cp312-musllinux_1_1_i686.whl", hash = "sha256:8a00efecde9d6fcc3ab00c13f816313c040a28450e5e25739c24f432fc6d3c75", size = 6568489 },
    { url = "https://files.pythonhosted.org/packages/d1/94/16550ad6b3f13b96f0856ee5dfc2554efac28539ee84a51d7b14526da985/grpcio-1.67.1-cp312-cp312-musllinux_1_1_x86_64.whl", hash = "sha256:699e964923b70f3101393710793289e42845791ea07565654ada0969522d0a38", size = 6149369 },
    { url = "https://files.pythonhosted.org/packages/33/0d/4c3b2587e8ad7f121b597329e6c2620374fccbc2e4e1aa3c73ccc670fde4/grpcio-1.67.1-cp312-cp312-win32.whl", hash = "sha256:4e7b904484a634a0fff132958dabdb10d63e0927398273917da3ee103e8d1f78", size = 3599176 },
    { url = "https://files.pythonhosted.org/packages/7d/36/0c03e2d80db69e2472cf81c6123aa7d14741de7cf790117291a703ae6ae1/grpcio-1.67.1-cp312-cp312-win_amd64.whl", hash = "sha256:5721e66a594a6c4204458004852719b38f3d5522082be9061d6510b455c90afc", size = 4346574 },
    { url = "https://files.pythonhosted.org/packages/12/d2/2f032b7a153c7723ea3dea08bffa4bcaca9e0e5bdf643ce565b76da87461/grpcio-1.67.1-cp313-cp313-linux_armv7l.whl", hash = "sha256:aa0162e56fd10a5547fac8774c4899fc3e18c1aa4a4759d0ce2cd00d3696ea6b", size = 5091487 },
    { url = "https://files.pythonhosted.org/packages/d0/ae/ea2ff6bd2475a082eb97db1104a903cf5fc57c88c87c10b3c3f41a184fc0/grpcio-1.67.1-cp313-cp313-macosx_10_13_universal2.whl", hash = "sha256:beee96c8c0b1a75d556fe57b92b58b4347c77a65781ee2ac749d550f2a365dc1", size = 10943530 },
    { url = "https://files.pythonhosted.org/packages/07/62/646be83d1a78edf8d69b56647327c9afc223e3140a744c59b25fbb279c3b/grpcio-1.67.1-cp313-cp313-manylinux_2_17_aarch64.whl", hash = "sha256:a93deda571a1bf94ec1f6fcda2872dad3ae538700d94dc283c672a3b508ba3af", size = 5589079 },
    { url = "https://files.pythonhosted.org/packages/d0/25/71513d0a1b2072ce80d7f5909a93596b7ed10348b2ea4fdcbad23f6017bf/grpcio-1.67.1-cp313-cp313-manylinux_2_17_i686.manylinux2014_i686.whl", hash = "sha256:0e6f255980afef598a9e64a24efce87b625e3e3c80a45162d111a461a9f92955", size = 6213542 },
    { url = "https://files.pythonhosted.org/packages/76/9a/d21236297111052dcb5dc85cd77dc7bf25ba67a0f55ae028b2af19a704bc/grpcio-1.67.1-cp313-cp313-manylinux_2_17_x86_64.manylinux2014_x86_64.whl", hash = "sha256:9e838cad2176ebd5d4a8bb03955138d6589ce9e2ce5d51c3ada34396dbd2dba8", size = 5850211 },
    { url = "https://files.pythonhosted.org/packages/2d/fe/70b1da9037f5055be14f359026c238821b9bcf6ca38a8d760f59a589aacd/grpcio-1.67.1-cp313-cp313-musllinux_1_1_i686.whl", hash = "sha256:a6703916c43b1d468d0756c8077b12017a9fcb6a1ef13faf49e67d20d7ebda62", size = 6572129 },
    { url = "https://files.pythonhosted.org/packages/74/0d/7df509a2cd2a54814598caf2fb759f3e0b93764431ff410f2175a6efb9e4/grpcio-1.67.1-cp313-cp313-musllinux_1_1_x86_64.whl", hash = "sha256:917e8d8994eed1d86b907ba2a61b9f0aef27a2155bca6cbb322430fc7135b7bb", size = 6149819 },
    { url = "https://files.pythonhosted.org/packages/0a/08/bc3b0155600898fd10f16b79054e1cca6cb644fa3c250c0fe59385df5e6f/grpcio-1.67.1-cp313-cp313-win32.whl", hash = "sha256:e279330bef1744040db8fc432becc8a727b84f456ab62b744d3fdb83f327e121", size = 3596561 },
    { url = "https://files.pythonhosted.org/packages/5a/96/44759eca966720d0f3e1b105c43f8ad4590c97bf8eb3cd489656e9590baa/grpcio-1.67.1-cp313-cp313-win_amd64.whl", hash = "sha256:fa0c739ad8b1996bd24823950e3cb5152ae91fca1c09cc791190bf1627ffefba", size = 4346042 },
]

[[package]]
name = "grpcio-status"
version = "1.67.1"
source = { registry = "https://pypi.org/simple" }
dependencies = [
    { name = "googleapis-common-protos" },
    { name = "grpcio" },
    { name = "protobuf" },
]
sdist = { url = "https://files.pythonhosted.org/packages/be/c7/fe0e79a80ac6346e0c6c0a24e9e3cbc3ae1c2a009acffb59eab484a6f69b/grpcio_status-1.67.1.tar.gz", hash = "sha256:2bf38395e028ceeecfd8866b081f61628114b384da7d51ae064ddc8d766a5d11", size = 13673 }
wheels = [
    { url = "https://files.pythonhosted.org/packages/05/18/56999a1da3577d8ccc8698a575d6638e15fe25650cc88b2ce0a087f180b9/grpcio_status-1.67.1-py3-none-any.whl", hash = "sha256:16e6c085950bdacac97c779e6a502ea671232385e6e37f258884d6883392c2bd", size = 14427 },
]

[[package]]
name = "idna"
version = "3.10"
source = { registry = "https://pypi.org/simple" }
sdist = { url = "https://files.pythonhosted.org/packages/f1/70/7703c29685631f5a7590aa73f1f1d3fa9a380e654b86af429e0934a32f7d/idna-3.10.tar.gz", hash = "sha256:12f65c9b470abda6dc35cf8e63cc574b1c52b11df2c86030af0ac09b01b13ea9", size = 190490 }
wheels = [
    { url = "https://files.pythonhosted.org/packages/76/c6/c88e154df9c4e1a2a66ccf0005a88dfb2650c1dffb6f5ce603dfbd452ce3/idna-3.10-py3-none-any.whl", hash = "sha256:946d195a0d259cbba61165e88e65941f16e9b36ea6ddb97f00452bae8b1287d3", size = 70442 },
]

[[package]]
name = "loguru"
version = "0.7.2"
source = { registry = "https://pypi.org/simple" }
dependencies = [
    { name = "colorama", marker = "sys_platform == 'win32'" },
    { name = "win32-setctime", marker = "sys_platform == 'win32'" },
]
sdist = { url = "https://files.pythonhosted.org/packages/9e/30/d87a423766b24db416a46e9335b9602b054a72b96a88a241f2b09b560fa8/loguru-0.7.2.tar.gz", hash = "sha256:e671a53522515f34fd406340ee968cb9ecafbc4b36c679da03c18fd8d0bd51ac", size = 145103 }
wheels = [
    { url = "https://files.pythonhosted.org/packages/03/0a/4f6fed21aa246c6b49b561ca55facacc2a44b87d65b8b92362a8e99ba202/loguru-0.7.2-py3-none-any.whl", hash = "sha256:003d71e3d3ed35f0f8984898359d65b79e5b21943f78af86aa5491210429b8eb", size = 62549 },
]

[[package]]
name = "prettytable"
version = "3.12.0"
source = { registry = "https://pypi.org/simple" }
dependencies = [
    { name = "wcwidth" },
]
sdist = { url = "https://files.pythonhosted.org/packages/3b/8a/de4dc1a6098621781c266b3fb3964009af1e9023527180cb8a3b0dd9d09e/prettytable-3.12.0.tar.gz", hash = "sha256:f04b3e1ba35747ac86e96ec33e3bb9748ce08e254dc2a1c6253945901beec804", size = 59539 }
wheels = [
    { url = "https://files.pythonhosted.org/packages/73/19/4bb9530512432774fdd7cb7c020851d4decbb811d95f86fd4f6a870a6d3e/prettytable-3.12.0-py3-none-any.whl", hash = "sha256:77ca0ad1c435b6e363d7e8623d7cc4fcf2cf15513bf77a1c1b2e814930ac57cc", size = 31105 },
]

[[package]]
name = "proto-plus"
version = "1.25.0"
source = { registry = "https://pypi.org/simple" }
dependencies = [
    { name = "protobuf" },
]
sdist = { url = "https://files.pythonhosted.org/packages/7e/05/74417b2061e1bf1b82776037cad97094228fa1c1b6e82d08a78d3fb6ddb6/proto_plus-1.25.0.tar.gz", hash = "sha256:fbb17f57f7bd05a68b7707e745e26528b0b3c34e378db91eef93912c54982d91", size = 56124 }
wheels = [
    { url = "https://files.pythonhosted.org/packages/dd/25/0b7cc838ae3d76d46539020ec39fc92bfc9acc29367e58fe912702c2a79e/proto_plus-1.25.0-py3-none-any.whl", hash = "sha256:c91fc4a65074ade8e458e95ef8bac34d4008daa7cce4a12d6707066fca648961", size = 50126 },
]

[[package]]
name = "protobuf"
version = "5.28.3"
source = { registry = "https://pypi.org/simple" }
sdist = { url = "https://files.pythonhosted.org/packages/74/6e/e69eb906fddcb38f8530a12f4b410699972ab7ced4e21524ece9d546ac27/protobuf-5.28.3.tar.gz", hash = "sha256:64badbc49180a5e401f373f9ce7ab1d18b63f7dd4a9cdc43c92b9f0b481cef7b", size = 422479 }
wheels = [
    { url = "https://files.pythonhosted.org/packages/d1/c5/05163fad52d7c43e124a545f1372d18266db36036377ad29de4271134a6a/protobuf-5.28.3-cp310-abi3-win32.whl", hash = "sha256:0c4eec6f987338617072592b97943fdbe30d019c56126493111cf24344c1cc24", size = 419624 },
    { url = "https://files.pythonhosted.org/packages/9c/4c/4563ebe001ff30dca9d7ed12e471fa098d9759712980cde1fd03a3a44fb7/protobuf-5.28.3-cp310-abi3-win_amd64.whl", hash = "sha256:91fba8f445723fcf400fdbe9ca796b19d3b1242cd873907979b9ed71e4afe868", size = 431464 },
    { url = "https://files.pythonhosted.org/packages/1c/f2/baf397f3dd1d3e4af7e3f5a0382b868d25ac068eefe1ebde05132333436c/protobuf-5.28.3-cp38-abi3-macosx_10_9_universal2.whl", hash = "sha256:a3f6857551e53ce35e60b403b8a27b0295f7d6eb63d10484f12bc6879c715687", size = 414743 },
    { url = "https://files.pythonhosted.org/packages/85/50/cd61a358ba1601f40e7d38bcfba22e053f40ef2c50d55b55926aecc8fec7/protobuf-5.28.3-cp38-abi3-manylinux2014_aarch64.whl", hash = "sha256:3fa2de6b8b29d12c61911505d893afe7320ce7ccba4df913e2971461fa36d584", size = 316511 },
    { url = "https://files.pythonhosted.org/packages/5d/ae/3257b09328c0b4e59535e497b0c7537d4954038bdd53a2f0d2f49d15a7c4/protobuf-5.28.3-cp38-abi3-manylinux2014_x86_64.whl", hash = "sha256:712319fbdddb46f21abb66cd33cb9e491a5763b2febd8f228251add221981135", size = 316624 },
    { url = "https://files.pythonhosted.org/packages/ad/c3/2377c159e28ea89a91cf1ca223f827ae8deccb2c9c401e5ca233cd73002f/protobuf-5.28.3-py3-none-any.whl", hash = "sha256:cee1757663fa32a1ee673434fcf3bf24dd54763c79690201208bafec62f19eed", size = 169511 },
]

[[package]]
name = "pyasn1"
version = "0.6.1"
source = { registry = "https://pypi.org/simple" }
sdist = { url = "https://files.pythonhosted.org/packages/ba/e9/01f1a64245b89f039897cb0130016d79f77d52669aae6ee7b159a6c4c018/pyasn1-0.6.1.tar.gz", hash = "sha256:6f580d2bdd84365380830acf45550f2511469f673cb4a5ae3857a3170128b034", size = 145322 }
wheels = [
    { url = "https://files.pythonhosted.org/packages/c8/f1/d6a797abb14f6283c0ddff96bbdd46937f64122b8c925cab503dd37f8214/pyasn1-0.6.1-py3-none-any.whl", hash = "sha256:0d632f46f2ba09143da3a8afe9e33fb6f92fa2320ab7e886e2d0f7672af84629", size = 83135 },
]

[[package]]
name = "pyasn1-modules"
version = "0.4.1"
source = { registry = "https://pypi.org/simple" }
dependencies = [
    { name = "pyasn1" },
]
sdist = { url = "https://files.pythonhosted.org/packages/1d/67/6afbf0d507f73c32d21084a79946bfcfca5fbc62a72057e9c23797a737c9/pyasn1_modules-0.4.1.tar.gz", hash = "sha256:c28e2dbf9c06ad61c71a075c7e0f9fd0f1b0bb2d2ad4377f240d33ac2ab60a7c", size = 310028 }
wheels = [
    { url = "https://files.pythonhosted.org/packages/77/89/bc88a6711935ba795a679ea6ebee07e128050d6382eaa35a0a47c8032bdc/pyasn1_modules-0.4.1-py3-none-any.whl", hash = "sha256:49bfa96b45a292b711e986f222502c1c9a5e1f4e568fc30e2574a6c7d07838fd", size = 181537 },
]

[[package]]
name = "requests"
version = "2.32.3"
source = { registry = "https://pypi.org/simple" }
dependencies = [
    { name = "certifi" },
    { name = "charset-normalizer" },
    { name = "idna" },
    { name = "urllib3" },
]
sdist = { url = "https://files.pythonhosted.org/packages/63/70/2bf7780ad2d390a8d301ad0b550f1581eadbd9a20f896afe06353c2a2913/requests-2.32.3.tar.gz", hash = "sha256:55365417734eb18255590a9ff9eb97e9e1da868d4ccd6402399eaf68af20a760", size = 131218 }
wheels = [
    { url = "https://files.pythonhosted.org/packages/f9/9b/335f9764261e915ed497fcdeb11df5dfd6f7bf257d4a6a2a686d80da4d54/requests-2.32.3-py3-none-any.whl", hash = "sha256:70761cfe03c773ceb22aa2f671b4757976145175cdfca038c02654d061d6dcc6", size = 64928 },
]

[[package]]
name = "rsa"
version = "4.9"
source = { registry = "https://pypi.org/simple" }
dependencies = [
    { name = "pyasn1" },
]
sdist = { url = "https://files.pythonhosted.org/packages/aa/65/7d973b89c4d2351d7fb232c2e452547ddfa243e93131e7cfa766da627b52/rsa-4.9.tar.gz", hash = "sha256:e38464a49c6c85d7f1351b0126661487a7e0a14a50f1675ec50eb34d4f20ef21", size = 29711 }
wheels = [
    { url = "https://files.pythonhosted.org/packages/49/97/fa78e3d2f65c02c8e1268b9aba606569fe97f6c8f7c2d74394553347c145/rsa-4.9-py3-none-any.whl", hash = "sha256:90260d9058e514786967344d0ef75fa8727eed8a7d2e43ce9f4bcf1b536174f7", size = 34315 },
]

[[package]]
name = "ruff"
version = "0.7.3"
source = { registry = "https://pypi.org/simple" }
sdist = { url = "https://files.pythonhosted.org/packages/4b/06/09d1276df977eece383d0ed66052fc24ec4550a61f8fbc0a11200e690496/ruff-0.7.3.tar.gz", hash = "sha256:e1d1ba2e40b6e71a61b063354d04be669ab0d39c352461f3d789cac68b54a313", size = 3243664 }
wheels = [
    { url = "https://files.pythonhosted.org/packages/c0/56/933d433c2489e4642487b835f53dd9ff015fb3d8fa459b09bb2ce42d7c4b/ruff-0.7.3-py3-none-linux_armv6l.whl", hash = "sha256:34f2339dc22687ec7e7002792d1f50712bf84a13d5152e75712ac08be565d344", size = 10372090 },
    { url = "https://files.pythonhosted.org/packages/20/ea/1f0a22a6bcdd3fc26c73f63a025d05bd565901b729d56bcb093c722a6c4c/ruff-0.7.3-py3-none-macosx_10_12_x86_64.whl", hash = "sha256:fb397332a1879b9764a3455a0bb1087bda876c2db8aca3a3cbb67b3dbce8cda0", size = 10190037 },
    { url = "https://files.pythonhosted.org/packages/16/74/aca75666e0d481fe394e76a8647c44ea919087748024924baa1a17371e3e/ruff-0.7.3-py3-none-macosx_11_0_arm64.whl", hash = "sha256:37d0b619546103274e7f62643d14e1adcbccb242efda4e4bdb9544d7764782e9", size = 9811998 },
    { url = "https://files.pythonhosted.org/packages/20/a1/cf446a0d7f78ea1f0bd2b9171c11dfe746585c0c4a734b25966121eb4f5d/ruff-0.7.3-py3-none-manylinux_2_17_aarch64.manylinux2014_aarch64.whl", hash = "sha256:5d59f0c3ee4d1a6787614e7135b72e21024875266101142a09a61439cb6e38a5", size = 10620626 },
    { url = "https://files.pythonhosted.org/packages/cd/c1/82b27d09286ae855f5d03b1ad37cf243f21eb0081732d4d7b0d658d439cb/ruff-0.7.3-py3-none-manylinux_2_17_armv7l.manylinux2014_armv7l.whl", hash = "sha256:44eb93c2499a169d49fafd07bc62ac89b1bc800b197e50ff4633aed212569299", size = 10177598 },
    { url = "https://files.pythonhosted.org/packages/b9/42/c0acac22753bf74013d035a5ef6c5c4c40ad4d6686bfb3fda7c6f37d9b37/ruff-0.7.3-py3-none-manylinux_2_17_i686.manylinux2014_i686.whl", hash = "sha256:6d0242ce53f3a576c35ee32d907475a8d569944c0407f91d207c8af5be5dae4e", size = 11171963 },
    { url = "https://files.pythonhosted.org/packages/43/18/bb0befb7fb9121dd9009e6a72eb98e24f1bacb07c6f3ecb55f032ba98aed/ruff-0.7.3-py3-none-manylinux_2_17_ppc64.manylinux2014_ppc64.whl", hash = "sha256:6b6224af8b5e09772c2ecb8dc9f3f344c1aa48201c7f07e7315367f6dd90ac29", size = 11856157 },
    { url = "https://files.pythonhosted.org/packages/5e/91/04e98d7d6e32eca9d1372be595f9abc7b7f048795e32eb2edbd8794d50bd/ruff-0.7.3-py3-none-manylinux_2_17_ppc64le.manylinux2014_ppc64le.whl", hash = "sha256:c50f95a82b94421c964fae4c27c0242890a20fe67d203d127e84fbb8013855f5", size = 11440331 },
    { url = "https://files.pythonhosted.org/packages/f5/dc/3fe99f2ce10b76d389041a1b9f99e7066332e479435d4bebcceea16caff5/ruff-0.7.3-py3-none-manylinux_2_17_s390x.manylinux2014_s390x.whl", hash = "sha256:7f3eff9961b5d2644bcf1616c606e93baa2d6b349e8aa8b035f654df252c8c67", size = 12725354 },
    { url = "https://files.pythonhosted.org/packages/43/7b/1daa712de1c5bc6cbbf9fa60e9c41cc48cda962dc6d2c4f2a224d2c3007e/ruff-0.7.3-py3-none-manylinux_2_17_x86_64.manylinux2014_x86_64.whl", hash = "sha256:b8963cab06d130c4df2fd52c84e9f10d297826d2e8169ae0c798b6221be1d1d2", size = 11010091 },
    { url = "https://files.pythonhosted.org/packages/b6/db/1227a903587432eb569e57a95b15a4f191a71fe315cde4c0312df7bc85da/ruff-0.7.3-py3-none-musllinux_1_2_aarch64.whl", hash = "sha256:61b46049d6edc0e4317fb14b33bd693245281a3007288b68a3f5b74a22a0746d", size = 10610687 },
    { url = "https://files.pythonhosted.org/packages/db/e2/dc41ee90c3085aadad4da614d310d834f641aaafddf3dfbba08210c616ce/ruff-0.7.3-py3-none-musllinux_1_2_armv7l.whl", hash = "sha256:10ebce7696afe4644e8c1a23b3cf8c0f2193a310c18387c06e583ae9ef284de2", size = 10254843 },
    { url = "https://files.pythonhosted.org/packages/6f/09/5f6cac1c91542bc5bd33d40b4c13b637bf64d7bb29e091dadb01b62527fe/ruff-0.7.3-py3-none-musllinux_1_2_i686.whl", hash = "sha256:3f36d56326b3aef8eeee150b700e519880d1aab92f471eefdef656fd57492aa2", size = 10730962 },
    { url = "https://files.pythonhosted.org/packages/d3/42/89a4b9a24ef7d00269e24086c417a006f9a3ffeac2c80f2629eb5ce140ee/ruff-0.7.3-py3-none-musllinux_1_2_x86_64.whl", hash = "sha256:5d024301109a0007b78d57ab0ba190087b43dce852e552734ebf0b0b85e4fb16", size = 11101907 },
    { url = "https://files.pythonhosted.org/packages/b0/5c/efdb4777686683a8edce94ffd812783bddcd3d2454d38c5ac193fef7c500/ruff-0.7.3-py3-none-win32.whl", hash = "sha256:4ba81a5f0c5478aa61674c5a2194de8b02652f17addf8dfc40c8937e6e7d79fc", size = 8611095 },
    { url = "https://files.pythonhosted.org/packages/bb/b8/28fbc6a4efa50178f973972d1c84b2d0a33cdc731588522ab751ac3da2f5/ruff-0.7.3-py3-none-win_amd64.whl", hash = "sha256:588a9ff2fecf01025ed065fe28809cd5a53b43505f48b69a1ac7707b1b7e4088", size = 9418283 },
    { url = "https://files.pythonhosted.org/packages/3f/77/b587cba6febd5e2003374f37eb89633f79f161e71084f94057c8653b7fb3/ruff-0.7.3-py3-none-win_arm64.whl", hash = "sha256:1713e2c5545863cdbfe2cbce21f69ffaf37b813bfd1fb3b90dc9a6f1963f5a8c", size = 8725228 },
]

[[package]]
name = "urllib3"
version = "2.2.3"
source = { registry = "https://pypi.org/simple" }
sdist = { url = "https://files.pythonhosted.org/packages/ed/63/22ba4ebfe7430b76388e7cd448d5478814d3032121827c12a2cc287e2260/urllib3-2.2.3.tar.gz", hash = "sha256:e7d814a81dad81e6caf2ec9fdedb284ecc9c73076b62654547cc64ccdcae26e9", size = 300677 }
wheels = [
    { url = "https://files.pythonhosted.org/packages/ce/d9/5f4c13cecde62396b0d3fe530a50ccea91e7dfc1ccf0e09c228841bb5ba8/urllib3-2.2.3-py3-none-any.whl", hash = "sha256:ca899ca043dcb1bafa3e262d73aa25c465bfb49e0bd9dd5d59f1d0acba2f8fac", size = 126338 },
]

[[package]]
name = "wcwidth"
version = "0.2.13"
source = { registry = "https://pypi.org/simple" }
sdist = { url = "https://files.pythonhosted.org/packages/6c/63/53559446a878410fc5a5974feb13d31d78d752eb18aeba59c7fef1af7598/wcwidth-0.2.13.tar.gz", hash = "sha256:72ea0c06399eb286d978fdedb6923a9eb47e1c486ce63e9b4e64fc18303972b5", size = 101301 }
wheels = [
    { url = "https://files.pythonhosted.org/packages/fd/84/fd2ba7aafacbad3c4201d395674fc6348826569da3c0937e75505ead3528/wcwidth-0.2.13-py2.py3-none-any.whl", hash = "sha256:3da69048e4540d84af32131829ff948f1e022c1c6bdb8d6102117aac784f6859", size = 34166 },
]

[[package]]
name = "win32-setctime"
version = "1.1.0"
source = { registry = "https://pypi.org/simple" }
sdist = { url = "https://files.pythonhosted.org/packages/6b/dd/f95a13d2b235a28d613ba23ebad55191514550debb968b46aab99f2e3a30/win32_setctime-1.1.0.tar.gz", hash = "sha256:15cf5750465118d6929ae4de4eb46e8edae9a5634350c01ba582df868e932cb2", size = 3676 }
wheels = [
    { url = "https://files.pythonhosted.org/packages/0a/e6/a7d828fef907843b2a5773ebff47fb79ac0c1c88d60c0ca9530ee941e248/win32_setctime-1.1.0-py3-none-any.whl", hash = "sha256:231db239e959c2fe7eb1d7dc129f11172354f98361c4fa2d6d2d7e278baa8aad", size = 3604 },
]
